
Microsoft Visual Studio Solution File, Format Version 12.00
# Visual Studio Version 16
VisualStudioVersion = 16.0.30319.14
MinimumVisualStudioVersion = 10.0.40219.1
Project("{8BC9CEB8-8B4A-11D0-8D11-00A0C91BC942}") = "LightEngine", "LightEngine\LightEngine.vcxproj", "{5C7EF924-0411-4C2B-8D56-995AE3F8C831}"
	ProjectSection(ProjectDependencies) = postProject
	EndProjectSection
EndProject
Project("{8BC9CEB8-8B4A-11D0-8D11-00A0C91BC942}") = "Sample", "Sample\Sample.vcxproj", "{3C2C1837-DC85-456B-8AA3-37DF5B949C91}"
	ProjectSection(ProjectDependencies) = postProject
	EndProjectSection
EndProject
Global
	GlobalSection(SolutionConfigurationPlatforms) = preSolution
		Debug|x64 = Debug|x64
		Release|x64 = Release|x64
		Debug|x64 = Debug|x64
		Release|x64 = Release|x64
	EndGlobalSection
	GlobalSection(ProjectConfigurationPlatforms) = postSolution
		{5C7EF924-0411-4C2B-8D56-995AE3F8C831}.Debug|x64.ActiveCfg = Debug|x64
		{5C7EF924-0411-4C2B-8D56-995AE3F8C831}.Debug|x64.Build.0 = Debug|x64
		{5C7EF924-0411-4C2B-8D56-995AE3F8C831}.Release|x64.ActiveCfg = Release|x64
		{5C7EF924-0411-4C2B-8D56-995AE3F8C831}.Release|x64.Build.0 = Release|x64
		{3C2C1837-DC85-456B-8AA3-37DF5B949C91}.Debug|x64.ActiveCfg = Debug|x64
		{3C2C1837-DC85-456B-8AA3-37DF5B949C91}.Debug|x64.Build.0 = Debug|x64
		{3C2C1837-DC85-456B-8AA3-37DF5B949C91}.Release|x64.ActiveCfg = Release|x64
		{3C2C1837-DC85-456B-8AA3-37DF5B949C91}.Release|x64.Build.0 = Release|x64
	EndGlobalSection
	GlobalSection(SolutionProperties) = preSolution
		HideSolutionNode = FALSE
	EndGlobalSection
	GlobalSection(NestedProjects) = preSolution
	EndGlobalSection
	GlobalSection(ExtensibilityGlobals) = postSolution
		SolutionGuid = {0DF7F33E-70A2-44CE-B56A-814416ECCDBC}
	EndGlobalSection
EndGlobal
