
Microsoft Visual Studio Solution File, Format Version 12.00
# Visual Studio Version 16
VisualStudioVersion = 16.0.30319.14
MinimumVisualStudioVersion = 10.0.40219.1
Project("{8BC9CEB8-8B4A-11D0-8D11-00A0C91BC942}") = "LightEngine", "LightEngine\LightEngine.vcxproj", "{4E6005FE-6C6D-4DA7-A431-50D3E2B2CDAB}"
	ProjectSection(ProjectDependencies) = postProject
	EndProjectSection
EndProject
Project("{8BC9CEB8-8B4A-11D0-8D11-00A0C91BC942}") = "Sample", "Sample\Sample.vcxproj", "{C711B4BF-1E2C-4B17-807D-A7BF3658B67A}"
	ProjectSection(ProjectDependencies) = postProject
	EndProjectSection
EndProject
Global
	GlobalSection(SolutionConfigurationPlatforms) = preSolution
		Debug|x64 = Debug|x64
		Release|x64 = Release|x64
		Debug|x64 = Debug|x64
		Release|x64 = Release|x64
	EndGlobalSection
	GlobalSection(ProjectConfigurationPlatforms) = postSolution
		{4E6005FE-6C6D-4DA7-A431-50D3E2B2CDAB}.Debug|x64.ActiveCfg = Debug|x64
		{4E6005FE-6C6D-4DA7-A431-50D3E2B2CDAB}.Debug|x64.Build.0 = Debug|x64
		{4E6005FE-6C6D-4DA7-A431-50D3E2B2CDAB}.Release|x64.ActiveCfg = Release|x64
		{4E6005FE-6C6D-4DA7-A431-50D3E2B2CDAB}.Release|x64.Build.0 = Release|x64
		{C711B4BF-1E2C-4B17-807D-A7BF3658B67A}.Debug|x64.ActiveCfg = Debug|x64
		{C711B4BF-1E2C-4B17-807D-A7BF3658B67A}.Debug|x64.Build.0 = Debug|x64
		{C711B4BF-1E2C-4B17-807D-A7BF3658B67A}.Release|x64.ActiveCfg = Release|x64
		{C711B4BF-1E2C-4B17-807D-A7BF3658B67A}.Release|x64.Build.0 = Release|x64
	EndGlobalSection
	GlobalSection(SolutionProperties) = preSolution
		HideSolutionNode = FALSE
	EndGlobalSection
	GlobalSection(NestedProjects) = preSolution
	EndGlobalSection
	GlobalSection(ExtensibilityGlobals) = postSolution
		SolutionGuid = {C12635E1-8D9E-4209-966B-250592A5B4FD}
	EndGlobalSection
EndGlobal
