<?xml version="1.0" encoding="UTF-8"?>
<Project xmlns="http://schemas.microsoft.com/developer/msbuild/2003" ToolsVersion="4.0">
    <ItemGroup>
        <Filter Include="header">
            <UniqueIdentifier>{19DE2E61-8466-4941-AC26-29FA2411FA21}</UniqueIdentifier>
            <Extensions>h;hpp</Extensions>
        </Filter>
        <Filter Include="resource">
            <UniqueIdentifier>{ED24CC08-DCCB-4964-AC92-647822E3FABA}</UniqueIdentifier>
            <Extensions>hlsl;jpg;jpeg;png;wav;mp3;ico;dds;rc;obj</Extensions>
        </Filter>
        <Filter Include="source">
            <UniqueIdentifier>{6641B67D-204E-45B7-8048-481E43706C80}</UniqueIdentifier>
            <Extensions>cpp;c</Extensions>
        </Filter>
    </ItemGroup>
    <ItemGroup>
        <ClCompile Include="..\..\..\src\Sample\DummyEntity.cpp">
            <Filter>source</Filter>
        </ClCompile>
        <ClCompile Include="..\..\..\src\Sample\main.cpp">
            <Filter>source</Filter>
        </ClCompile>
        <ClCompile Include="..\..\..\src\Sample\SampleScene.cpp">
            <Filter>source</Filter>
        </ClCompile>
        <ClInclude Include="..\..\..\src\Sample\DummyEntity.h">
            <Filter>header</Filter>
        </ClInclude>
        <ClInclude Include="..\..\..\src\Sample\SampleScene.h">
            <Filter>header</Filter>
        </ClInclude>
    </ItemGroup>
</Project>
