
Microsoft Visual Studio Solution File, Format Version 12.00
# Visual Studio Version 16
VisualStudioVersion = 16.0.30319.14
MinimumVisualStudioVersion = 10.0.40219.1
Project("{8BC9CEB8-8B4A-11D0-8D11-00A0C91BC942}") = "LightEngine", "LightEngine\LightEngine.vcxproj", "{4E176E97-88B2-45A2-A07F-9AF202A862B8}"
	ProjectSection(ProjectDependencies) = postProject
	EndProjectSection
EndProject
Project("{8BC9CEB8-8B4A-11D0-8D11-00A0C91BC942}") = "Sample", "Sample\Sample.vcxproj", "{4EABDBDE-8F6C-418A-B6CF-D19D7A1D6A16}"
	ProjectSection(ProjectDependencies) = postProject
	EndProjectSection
EndProject
Global
	GlobalSection(SolutionConfigurationPlatforms) = preSolution
		Debug|x64 = Debug|x64
		Release|x64 = Release|x64
		Debug|x64 = Debug|x64
		Release|x64 = Release|x64
	EndGlobalSection
	GlobalSection(ProjectConfigurationPlatforms) = postSolution
		{4E176E97-88B2-45A2-A07F-9AF202A862B8}.Debug|x64.ActiveCfg = Debug|x64
		{4E176E97-88B2-45A2-A07F-9AF202A862B8}.Debug|x64.Build.0 = Debug|x64
		{4E176E97-88B2-45A2-A07F-9AF202A862B8}.Release|x64.ActiveCfg = Release|x64
		{4E176E97-88B2-45A2-A07F-9AF202A862B8}.Release|x64.Build.0 = Release|x64
		{4EABDBDE-8F6C-418A-B6CF-D19D7A1D6A16}.Debug|x64.ActiveCfg = Debug|x64
		{4EABDBDE-8F6C-418A-B6CF-D19D7A1D6A16}.Debug|x64.Build.0 = Debug|x64
		{4EABDBDE-8F6C-418A-B6CF-D19D7A1D6A16}.Release|x64.ActiveCfg = Release|x64
		{4EABDBDE-8F6C-418A-B6CF-D19D7A1D6A16}.Release|x64.Build.0 = Release|x64
	EndGlobalSection
	GlobalSection(SolutionProperties) = preSolution
		HideSolutionNode = FALSE
	EndGlobalSection
	GlobalSection(NestedProjects) = preSolution
	EndGlobalSection
	GlobalSection(ExtensibilityGlobals) = postSolution
		SolutionGuid = {661F7B5F-B8DA-42C9-A8D2-303A25A736E6}
	EndGlobalSection
EndGlobal
