
Microsoft Visual Studio Solution File, Format Version 12.00
# Visual Studio Version 16
VisualStudioVersion = 16.0.30319.14
MinimumVisualStudioVersion = 10.0.40219.1
Project("{8BC9CEB8-8B4A-11D0-8D11-00A0C91BC942}") = "LightEngine", "LightEngine\LightEngine.vcxproj", "{EE0E3C49-BCBA-4735-9A53-CA617FAE8A9F}"
	ProjectSection(ProjectDependencies) = postProject
	EndProjectSection
EndProject
Project("{8BC9CEB8-8B4A-11D0-8D11-00A0C91BC942}") = "Sample", "Sample\Sample.vcxproj", "{D954686C-B03F-4A2A-9D9F-AEF0C4BD507E}"
	ProjectSection(ProjectDependencies) = postProject
	EndProjectSection
EndProject
Global
	GlobalSection(SolutionConfigurationPlatforms) = preSolution
		Debug|x64 = Debug|x64
		Release|x64 = Release|x64
		Debug|x64 = Debug|x64
		Release|x64 = Release|x64
	EndGlobalSection
	GlobalSection(ProjectConfigurationPlatforms) = postSolution
		{EE0E3C49-BCBA-4735-9A53-CA617FAE8A9F}.Debug|x64.ActiveCfg = Debug|x64
		{EE0E3C49-BCBA-4735-9A53-CA617FAE8A9F}.Debug|x64.Build.0 = Debug|x64
		{EE0E3C49-BCBA-4735-9A53-CA617FAE8A9F}.Release|x64.ActiveCfg = Release|x64
		{EE0E3C49-BCBA-4735-9A53-CA617FAE8A9F}.Release|x64.Build.0 = Release|x64
		{D954686C-B03F-4A2A-9D9F-AEF0C4BD507E}.Debug|x64.ActiveCfg = Debug|x64
		{D954686C-B03F-4A2A-9D9F-AEF0C4BD507E}.Debug|x64.Build.0 = Debug|x64
		{D954686C-B03F-4A2A-9D9F-AEF0C4BD507E}.Release|x64.ActiveCfg = Release|x64
		{D954686C-B03F-4A2A-9D9F-AEF0C4BD507E}.Release|x64.Build.0 = Release|x64
	EndGlobalSection
	GlobalSection(SolutionProperties) = preSolution
		HideSolutionNode = FALSE
	EndGlobalSection
	GlobalSection(NestedProjects) = preSolution
	EndGlobalSection
	GlobalSection(ExtensibilityGlobals) = postSolution
		SolutionGuid = {CE52AFFC-18E2-4C0A-BCB4-3F0A10B57CD5}
	EndGlobalSection
EndGlobal
