<?xml version="1.0" encoding="utf-8"?>
<Project xmlns="http://schemas.microsoft.com/developer/msbuild/2003" ToolsVersion="4.0">
  <ItemGroup>
    <Filter Include="header">
      <UniqueIdentifier>{ACA02884-615D-4C9D-AA83-5ED1826F471E}</UniqueIdentifier>
      <Extensions>h;hpp</Extensions>
    </Filter>
    <Filter Include="resource">
      <UniqueIdentifier>{E07A16E5-6A75-48CF-ABAA-CA5E2F2FAF11}</UniqueIdentifier>
      <Extensions>hlsl;jpg;jpeg;png;wav;mp3;ico;dds;rc;obj</Extensions>
    </Filter>
    <Filter Include="source">
      <UniqueIdentifier>{12F01FA9-D5BB-4E43-878E-86D738C1F438}</UniqueIdentifier>
      <Extensions>cpp;c</Extensions>
    </Filter>
  </ItemGroup>
  <ItemGroup>
    <ClCompile Include="..\..\..\src\LightEngine\Debug.cpp">
      <Filter>source</Filter>
    </ClCompile>
    <ClCompile Include="..\..\..\src\LightEngine\Entity.cpp">
      <Filter>source</Filter>
    </ClCompile>
    <ClCompile Include="..\..\..\src\LightEngine\GameManager.cpp">
      <Filter>source</Filter>
    </ClCompile>
    <ClCompile Include="..\..\..\src\LightEngine\PhysicalEntity.cpp">
      <Filter>source</Filter>
    </ClCompile>
    <ClCompile Include="..\..\..\src\LightEngine\Scene.cpp">
      <Filter>source</Filter>
    </ClCompile>
    <ClCompile Include="..\..\..\src\LightEngine\Utils.cpp">
      <Filter>source</Filter>
    </ClCompile>
    <ClInclude Include="..\..\..\src\LightEngine\Debug.h">
      <Filter>header</Filter>
    </ClInclude>
    <ClInclude Include="..\..\..\src\LightEngine\Entity.h">
      <Filter>header</Filter>
    </ClInclude>
    <ClInclude Include="..\..\..\src\LightEngine\GameManager.h">
      <Filter>header</Filter>
    </ClInclude>
    <ClInclude Include="..\..\..\src\LightEngine\PhysicalEntity.h">
      <Filter>header</Filter>
    </ClInclude>
    <ClInclude Include="..\..\..\src\LightEngine\Scene.h">
      <Filter>header</Filter>
    </ClInclude>
    <ClInclude Include="..\..\..\src\LightEngine\Utils.h">
      <Filter>header</Filter>
    </ClInclude>
  </ItemGroup>
</Project>